// !$*UTF8*$!
{
	archiveVersion = 1;
	classes = {
	};
	objectVersion = 46;
	objects = {

/* Begin PBXBuildFile section */
		E12DDADE232AD1BA00A742E5 /* Relators.plist in Resources */ = {isa = PBXBuildFile; fileRef = E12DDADD232AD1BA00A742E5 /* Relators.plist */; };
		E162001D23314D46005FF8AD /* container.xml in Resources */ = {isa = PBXBuildFile; fileRef = E162001A23314D45005FF8AD /* container.xml */; };
		E162001E23314D46005FF8AD /* nav.xhtml in Resources */ = {isa = PBXBuildFile; fileRef = E162001B23314D45005FF8AD /* nav.xhtml */; };
		E162001F23314D46005FF8AD /* package.opf in Resources */ = {isa = PBXBuildFile; fileRef = E162001C23314D45005FF8AD /* package.opf */; };
		E16543DB232AC58000D837F0 /* CreateEPUBAction.m in Sources */ = {isa = PBXBuildFile; fileRef = E16543DA232AC58000D837F0 /* CreateEPUBAction.m */; };
		E16543DE232AC58000D837F0 /* main.xib in Resources */ = {isa = PBXBuildFile; fileRef = E16543DC232AC58000D837F0 /* main.xib */; };
/* End PBXBuildFile section */

/* Begin PBXFileReference section */
		E12DDADD232AD1BA00A742E5 /* Relators.plist */ = {isa = PBXFileReference; fileEncoding = 4; lastKnownFileType = text.plist.xml; name = Relators.plist; path = ../Relators.plist; sourceTree = SOURCE_ROOT; };
		E162001A23314D45005FF8AD /* container.xml */ = {isa = PBXFileReference; fileEncoding = 4; lastKnownFileType = text.xml; path = container.xml; sourceTree = "<group>"; };
		E162001B23314D45005FF8AD /* nav.xhtml */ = {isa = PBXFileReference; fileEncoding = 4; lastKnownFileType = text.xml; path = nav.xhtml; sourceTree = "<group>"; };
		E162001C23314D45005FF8AD /* package.opf */ = {isa = PBXFileReference; fileEncoding = 4; lastKnownFileType = text.xml; path = package.opf; sourceTree = "<group>"; };
		E16543D6232AC58000D837F0 /* Bundle XHTML as EPUB.action */ = {isa = PBXFileReference; explicitFileType = wrapper.cfbundle; includeInIndex = 0; path = "Bundle XHTML as EPUB.action"; sourceTree = BUILT_PRODUCTS_DIR; };
		E16543D9232AC58000D837F0 /* CreateEPUBAction.h */ = {isa = PBXFileReference; lastKnownFileType = sourcecode.c.h; path = CreateEPUBAction.h; sourceTree = "<group>"; };
		E16543DA232AC58000D837F0 /* CreateEPUBAction.m */ = {isa = PBXFileReference; lastKnownFileType = sourcecode.c.objc; path = CreateEPUBAction.m; sourceTree = "<group>"; };
		E16543DD232AC58000D837F0 /* Base */ = {isa = PBXFileReference; lastKnownFileType = file.xib; name = Base; path = Base.lproj/main.xib; sourceTree = "<group>"; };
		E16543DF232AC58000D837F0 /* Info.plist */ = {isa = PBXFileReference; lastKnownFileType = text.plist.xml; path = Info.plist; sourceTree = "<group>"; };
/* End PBXFileReference section */

/* Begin PBXFrameworksBuildPhase section */
		E16543D2232AC58000D837F0 /* Frameworks */ = {
			isa = PBXFrameworksBuildPhase;
			buildActionMask = 2147483647;
			files = (
			);
			runOnlyForDeploymentPostprocessing = 0;
		};
/* End PBXFrameworksBuildPhase section */

/* Begin PBXGroup section */
		E162001923314D02005FF8AD /* Templates */ = {
			isa = PBXGroup;
			children = (
				E162001A23314D45005FF8AD /* container.xml */,
				E162001B23314D45005FF8AD /* nav.xhtml */,
				E162001C23314D45005FF8AD /* package.opf */,
			);
			path = Templates;
			sourceTree = "<group>";
		};
		E16543CC232AC58000D837F0 = {
			isa = PBXGroup;
			children = (
				E16543D8232AC58000D837F0 /* CreateEPUBAction */,
				E16543D7232AC58000D837F0 /* Products */,
			);
			sourceTree = "<group>";
		};
		E16543D7232AC58000D837F0 /* Products */ = {
			isa = PBXGroup;
			children = (
				E16543D6232AC58000D837F0 /* Bundle XHTML as EPUB.action */,
			);
			name = Products;
			sourceTree = "<group>";
		};
		E16543D8232AC58000D837F0 /* CreateEPUBAction */ = {
			isa = PBXGroup;
			children = (
				E16543D9232AC58000D837F0 /* CreateEPUBAction.h */,
				E16543DA232AC58000D837F0 /* CreateEPUBAction.m */,
				E16543DC232AC58000D837F0 /* main.xib */,
				E16543DF232AC58000D837F0 /* Info.plist */,
				E12DDADD232AD1BA00A742E5 /* Relators.plist */,
				E162001923314D02005FF8AD /* Templates */,
			);
			path = CreateEPUBAction;
			sourceTree = "<group>";
		};
/* End PBXGroup section */

/* Begin PBXNativeTarget section */
		E16543D5232AC58000D837F0 /* Bundle XHTML as EPUB */ = {
			isa = PBXNativeTarget;
			buildConfigurationList = E16543E5232AC58000D837F0 /* Build configuration list for PBXNativeTarget "Bundle XHTML as EPUB" */;
			buildPhases = (
				E198AAB5232ACA9600166474 /* Update Build Number */,
				E16543D1232AC58000D837F0 /* Sources */,
				E16543D2232AC58000D837F0 /* Frameworks */,
				E16543D3232AC58000D837F0 /* Resources */,
				E16543D4232AC58000D837F0 /* Check for Automator Errors */,
			);
			buildRules = (
			);
			dependencies = (
			);
			name = "Bundle XHTML as EPUB";
			productName = CreateEPUBAction;
			productReference = E16543D6232AC58000D837F0 /* Bundle XHTML as EPUB.action */;
			productType = "com.apple.product-type.bundle";
		};
/* End PBXNativeTarget section */

/* Begin PBXProject section */
		E16543CD232AC58000D837F0 /* Project object */ = {
			isa = PBXProject;
			attributes = {
				LastUpgradeCheck = 0820;
				ORGANIZATIONNAME = "Rob Menke";
				TargetAttributes = {
					E16543D5232AC58000D837F0 = {
						CreatedOnToolsVersion = 8.2.1;
						ProvisioningStyle = Automatic;
					};
				};
			};
			buildConfigurationList = E16543D0232AC58000D837F0 /* Build configuration list for PBXProject "CreateEPUBAction" */;
			compatibilityVersion = "Xcode 3.2";
			developmentRegion = English;
			hasScannedForEncodings = 0;
			knownRegions = (
				en,
				Base,
			);
			mainGroup = E16543CC232AC58000D837F0;
			productRefGroup = E16543D7232AC58000D837F0 /* Products */;
			projectDirPath = "";
			projectRoot = "";
			targets = (
				E16543D5232AC58000D837F0 /* Bundle XHTML as EPUB */,
			);
		};
/* End PBXProject section */

/* Begin PBXResourcesBuildPhase section */
		E16543D3232AC58000D837F0 /* Resources */ = {
			isa = PBXResourcesBuildPhase;
			buildActionMask = 2147483647;
			files = (
				E16543DE232AC58000D837F0 /* main.xib in Resources */,
				E162001E23314D46005FF8AD /* nav.xhtml in Resources */,
				E162001D23314D46005FF8AD /* container.xml in Resources */,
				E162001F23314D46005FF8AD /* package.opf in Resources */,
				E12DDADE232AD1BA00A742E5 /* Relators.plist in Resources */,
			);
			runOnlyForDeploymentPostprocessing = 0;
		};
/* End PBXResourcesBuildPhase section */

/* Begin PBXShellScriptBuildPhase section */
		E16543D4232AC58000D837F0 /* Check for Automator Errors */ = {
			isa = PBXShellScriptBuildPhase;
			buildActionMask = 2147483647;
			files = (
			);
			inputPaths = (
			);
			name = "Check for Automator Errors";
			outputPaths = (
			);
			runOnlyForDeploymentPostprocessing = 0;
			shellPath = /bin/sh;
			shellScript = "amlint \"${BUILT_PRODUCTS_DIR}/${FULL_PRODUCT_NAME}\"";
			showEnvVarsInLog = 0;
		};
		E198AAB5232ACA9600166474 /* Update Build Number */ = {
			isa = PBXShellScriptBuildPhase;
			buildActionMask = 2147483647;
			files = (
			);
			inputPaths = (
			);
			name = "Update Build Number";
			outputPaths = (
			);
			runOnlyForDeploymentPostprocessing = 0;
			shellPath = /bin/sh;
			shellScript = "git xcode-tag";
			showEnvVarsInLog = 0;
		};
/* End PBXShellScriptBuildPhase section */

/* Begin PBXSourcesBuildPhase section */
		E16543D1232AC58000D837F0 /* Sources */ = {
			isa = PBXSourcesBuildPhase;
			buildActionMask = 2147483647;
			files = (
				E16543DB232AC58000D837F0 /* CreateEPUBAction.m in Sources */,
			);
			runOnlyForDeploymentPostprocessing = 0;
		};
/* End PBXSourcesBuildPhase section */

/* Begin PBXVariantGroup section */
		E16543DC232AC58000D837F0 /* main.xib */ = {
			isa = PBXVariantGroup;
			children = (
				E16543DD232AC58000D837F0 /* Base */,
			);
			name = main.xib;
			sourceTree = "<group>";
		};
/* End PBXVariantGroup section */

/* Begin XCBuildConfiguration section */
		E16543E3232AC58000D837F0 /* Debug */ = {
			isa = XCBuildConfiguration;
			buildSettings = {
				ALWAYS_SEARCH_USER_PATHS = NO;
				CLANG_ANALYZER_NONNULL = YES;
				CLANG_CXX_LANGUAGE_STANDARD = "gnu++0x";
				CLANG_CXX_LIBRARY = "libc++";
				CLANG_ENABLE_MODULES = YES;
				CLANG_ENABLE_OBJC_ARC = YES;
				CLANG_WARN_BOOL_CONVERSION = YES;
				CLANG_WARN_CONSTANT_CONVERSION = YES;
				CLANG_WARN_DIRECT_OBJC_ISA_USAGE = YES_ERROR;
				CLANG_WARN_DOCUMENTATION_COMMENTS = YES;
				CLANG_WARN_EMPTY_BODY = YES;
				CLANG_WARN_ENUM_CONVERSION = YES;
				CLANG_WARN_INFINITE_RECURSION = YES;
				CLANG_WARN_INT_CONVERSION = YES;
				CLANG_WARN_OBJC_ROOT_CLASS = YES_ERROR;
				CLANG_WARN_SUSPICIOUS_MOVE = YES;
				CLANG_WARN_UNREACHABLE_CODE = YES;
				CLANG_WARN__DUPLICATE_METHOD_MATCH = YES;
				CODE_SIGN_IDENTITY = "-";
				COPY_PHASE_STRIP = NO;
				DEBUG_INFORMATION_FORMAT = dwarf;
				ENABLE_STRICT_OBJC_MSGSEND = YES;
				ENABLE_TESTABILITY = YES;
				GCC_C_LANGUAGE_STANDARD = gnu99;
				GCC_DYNAMIC_NO_PIC = NO;
				GCC_NO_COMMON_BLOCKS = YES;
				GCC_OPTIMIZATION_LEVEL = 0;
				GCC_PREPROCESSOR_DEFINITIONS = (
					"DEBUG=1",
					"$(inherited)",
				);
				GCC_WARN_64_TO_32_BIT_CONVERSION = YES;
				GCC_WARN_ABOUT_RETURN_TYPE = YES_ERROR;
				GCC_WARN_UNDECLARED_SELECTOR = YES;
				GCC_WARN_UNINITIALIZED_AUTOS = YES_AGGRESSIVE;
				GCC_WARN_UNUSED_FUNCTION = YES;
				GCC_WARN_UNUSED_VARIABLE = YES;
				MACOSX_DEPLOYMENT_TARGET = 10.11;
				MTL_ENABLE_DEBUG_INFO = YES;
				ONLY_ACTIVE_ARCH = YES;
				SDKROOT = macosx;
			};
			name = Debug;
		};
		E16543E4232AC58000D837F0 /* Release */ = {
			isa = XCBuildConfiguration;
			buildSettings = {
				ALWAYS_SEARCH_USER_PATHS = NO;
				CLANG_ANALYZER_NONNULL = YES;
				CLANG_CXX_LANGUAGE_STANDARD = "gnu++0x";
				CLANG_CXX_LIBRARY = "libc++";
				CLANG_ENABLE_MODULES = YES;
				CLANG_ENABLE_OBJC_ARC = YES;
				CLANG_WARN_BOOL_CONVERSION = YES;
				CLANG_WARN_CONSTANT_CONVERSION = YES;
				CLANG_WARN_DIRECT_OBJC_ISA_USAGE = YES_ERROR;
				CLANG_WARN_DOCUMENTATION_COMMENTS = YES;
				CLANG_WARN_EMPTY_BODY = YES;
				CLANG_WARN_ENUM_CONVERSION = YES;
				CLANG_WARN_INFINITE_RECURSION = YES;
				CLANG_WARN_INT_CONVERSION = YES;
				CLANG_WARN_OBJC_ROOT_CLASS = YES_ERROR;
				CLANG_WARN_SUSPICIOUS_MOVE = YES;
				CLANG_WARN_UNREACHABLE_CODE = YES;
				CLANG_WARN__DUPLICATE_METHOD_MATCH = YES;
				CODE_SIGN_IDENTITY = "-";
				COPY_PHASE_STRIP = NO;
				DEBUG_INFORMATION_FORMAT = "dwarf-with-dsym";
				ENABLE_NS_ASSERTIONS = NO;
				ENABLE_STRICT_OBJC_MSGSEND = YES;
				GCC_C_LANGUAGE_STANDARD = gnu99;
				GCC_NO_COMMON_BLOCKS = YES;
				GCC_WARN_64_TO_32_BIT_CONVERSION = YES;
				GCC_WARN_ABOUT_RETURN_TYPE = YES_ERROR;
				GCC_WARN_UNDECLARED_SELECTOR = YES;
				GCC_WARN_UNINITIALIZED_AUTOS = YES_AGGRESSIVE;
				GCC_WARN_UNUSED_FUNCTION = YES;
				GCC_WARN_UNUSED_VARIABLE = YES;
				MACOSX_DEPLOYMENT_TARGET = 10.11;
				MTL_ENABLE_DEBUG_INFO = NO;
				SDKROOT = macosx;
			};
			name = Release;
		};
		E16543E6232AC58000D837F0 /* Debug */ = {
			isa = XCBuildConfiguration;
			buildSettings = {
				COMBINE_HIDPI_IMAGES = YES;
				INFOPLIST_FILE = CreateEPUBAction/Info.plist;
				INSTALL_PATH = "$(HOME)/Library/Automator";
				OTHER_OSAFLAGS = "-x -t 0 -c 0";
				PRODUCT_BUNDLE_IDENTIFIER = "com.the-wabe.CreateEPUBAction";
				PRODUCT_NAME = "$(TARGET_NAME)";
				WRAPPER_EXTENSION = action;
			};
			name = Debug;
		};
		E16543E7232AC58000D837F0 /* Release */ = {
			isa = XCBuildConfiguration;
			buildSettings = {
				COMBINE_HIDPI_IMAGES = YES;
				INFOPLIST_FILE = CreateEPUBAction/Info.plist;
				INSTALL_PATH = "$(HOME)/Library/Automator";
				OTHER_OSAFLAGS = "-x -t 0 -c 0";
				PRODUCT_BUNDLE_IDENTIFIER = "com.the-wabe.CreateEPUBAction";
				PRODUCT_NAME = "$(TARGET_NAME)";
				WRAPPER_EXTENSION = action;
			};
			name = Release;
		};
/* End XCBuildConfiguration section */

/* Begin XCConfigurationList section */
		E16543D0232AC58000D837F0 /* Build configuration list for PBXProject "CreateEPUBAction" */ = {
			isa = XCConfigurationList;
			buildConfigurations = (
				E16543E3232AC58000D837F0 /* Debug */,
				E16543E4232AC58000D837F0 /* Release */,
			);
			defaultConfigurationIsVisible = 0;
			defaultConfigurationName = Release;
		};
		E16543E5232AC58000D837F0 /* Build configuration list for PBXNativeTarget "Bundle XHTML as EPUB" */ = {
			isa = XCConfigurationList;
			buildConfigurations = (
				E16543E6232AC58000D837F0 /* Debug */,
				E16543E7232AC58000D837F0 /* Release */,
			);
			defaultConfigurationIsVisible = 0;
			defaultConfigurationName = Release;
		};
/* End XCConfigurationList section */
	};
	rootObject = E16543CD232AC58000D837F0 /* Project object */;
}
