// !$*UTF8*$!
{
	archiveVersion = 1;
	classes = {
	};
	objectVersion = 46;
	objects = {

/* Begin PBXBuildFile section */
		E12566C222E69A9500112AA9 /* ImageAnalysisKit.framework in Frameworks */ = {isa = PBXBuildFile; fileRef = E12566BF22E69A8700112AA9 /* ImageAnalysisKit.framework */; };
		E12566C822E69E8400112AA9 /* ImageAnalysisKit.framework in CopyFiles */ = {isa = PBXBuildFile; fileRef = E12566BF22E69A8700112AA9 /* ImageAnalysisKit.framework */; settings = {ATTRIBUTES = (CodeSignOnCopy, RemoveHeadersOnCopy, ); }; };
		E14F64C3210E897E0076280D /* image06.png in Resources */ = {isa = PBXBuildFile; fileRef = E14F64C2210E897E0076280D /* image06.png */; };
		E15AE4EB20D5DCD000A143D6 /* image03.gif in Resources */ = {isa = PBXBuildFile; fileRef = E15AE4E820D5DCD000A143D6 /* image03.gif */; };
		E15AE4EC20D5DCD000A143D6 /* image04.png in Resources */ = {isa = PBXBuildFile; fileRef = E15AE4E920D5DCD000A143D6 /* image04.png */; };
		E1CEAC7520E0A14800F832A9 /* image05.png in Resources */ = {isa = PBXBuildFile; fileRef = E1CEAC7420E0A14800F832A9 /* image05.png */; };
		E1D0DAB920D21C1A00EF7F35 /* PrepareImagesForEPUBAction.m in Sources */ = {isa = PBXBuildFile; fileRef = E1D0DAB820D21C1A00EF7F35 /* PrepareImagesForEPUBAction.m */; };
		E1D0DABC20D21C1A00EF7F35 /* main.xib in Resources */ = {isa = PBXBuildFile; fileRef = E1D0DABA20D21C1A00EF7F35 /* main.xib */; };
		E1D0DAD920D2202300EF7F35 /* PrepareImagesForEPUBActionTests.m in Sources */ = {isa = PBXBuildFile; fileRef = E1D0DAD820D2202300EF7F35 /* PrepareImagesForEPUBActionTests.m */; };
		E1D0DAE020D2231400EF7F35 /* Prepare Images for EPUB.action in Resources */ = {isa = PBXBuildFile; fileRef = E1D0DAB420D21C1A00EF7F35 /* Prepare Images for EPUB.action */; };
		E1D0DAE220D2283700EF7F35 /* image01.png in Resources */ = {isa = PBXBuildFile; fileRef = E1D0DAE120D2283700EF7F35 /* image01.png */; };
		E1D0DAE420D2285000EF7F35 /* image02.jpg in Resources */ = {isa = PBXBuildFile; fileRef = E1D0DAE320D2285000EF7F35 /* image02.jpg */; };
/* End PBXBuildFile section */

/* Begin PBXContainerItemProxy section */
		E12566BE22E69A8700112AA9 /* PBXContainerItemProxy */ = {
			isa = PBXContainerItemProxy;
			containerPortal = E12566B922E69A8700112AA9 /* ImageAnalysisKit.xcodeproj */;
			proxyType = 2;
			remoteGlobalIDString = E132CC4E22669D420021A732;
			remoteInfo = ImageAnalysisKit;
		};
		E12566C022E69A8700112AA9 /* PBXContainerItemProxy */ = {
			isa = PBXContainerItemProxy;
			containerPortal = E12566B922E69A8700112AA9 /* ImageAnalysisKit.xcodeproj */;
			proxyType = 2;
			remoteGlobalIDString = E132CC5722669D430021A732;
			remoteInfo = ImageAnalysisKitTests;
		};
		E12566C322E69A9D00112AA9 /* PBXContainerItemProxy */ = {
			isa = PBXContainerItemProxy;
			containerPortal = E12566B922E69A8700112AA9 /* ImageAnalysisKit.xcodeproj */;
			proxyType = 1;
			remoteGlobalIDString = E132CC4D22669D420021A732;
			remoteInfo = ImageAnalysisKit;
		};
		E1D0DADE20D220E400EF7F35 /* PBXContainerItemProxy */ = {
			isa = PBXContainerItemProxy;
			containerPortal = E1D0DAAB20D21C1A00EF7F35 /* Project object */;
			proxyType = 1;
			remoteGlobalIDString = E1D0DAB320D21C1A00EF7F35;
			remoteInfo = "Prepare Images for EPUB";
		};
/* End PBXContainerItemProxy section */

/* Begin PBXCopyFilesBuildPhase section */
		E12566C622E69E5100112AA9 /* CopyFiles */ = {
			isa = PBXCopyFilesBuildPhase;
			buildActionMask = 2147483647;
			dstPath = "";
			dstSubfolderSpec = 10;
			files = (
				E12566C822E69E8400112AA9 /* ImageAnalysisKit.framework in CopyFiles */,
			);
			runOnlyForDeploymentPostprocessing = 0;
		};
/* End PBXCopyFilesBuildPhase section */

/* Begin PBXFileReference section */
		E12566B922E69A8700112AA9 /* ImageAnalysisKit.xcodeproj */ = {isa = PBXFileReference; lastKnownFileType = "wrapper.pb-project"; name = ImageAnalysisKit.xcodeproj; path = ImageAnalysisKit/ImageAnalysisKit.xcodeproj; sourceTree = "<group>"; };
		E14F64C2210E897E0076280D /* image06.png */ = {isa = PBXFileReference; lastKnownFileType = image.png; path = image06.png; sourceTree = "<group>"; };
		E15AE4E820D5DCD000A143D6 /* image03.gif */ = {isa = PBXFileReference; lastKnownFileType = image.gif; name = image03.gif; path = ../../ImagesToEPUBAction/ImagesToEPUBActionTests/image03.gif; sourceTree = "<group>"; };
		E15AE4E920D5DCD000A143D6 /* image04.png */ = {isa = PBXFileReference; lastKnownFileType = image.png; name = image04.png; path = ../../ImagesToEPUBAction/ImagesToEPUBActionTests/image04.png; sourceTree = "<group>"; };
		E1CEAC7420E0A14800F832A9 /* image05.png */ = {isa = PBXFileReference; lastKnownFileType = image.png; path = image05.png; sourceTree = "<group>"; };
		E1D0DAB420D21C1A00EF7F35 /* Prepare Images for EPUB.action */ = {isa = PBXFileReference; explicitFileType = wrapper.cfbundle; includeInIndex = 0; path = "Prepare Images for EPUB.action"; sourceTree = BUILT_PRODUCTS_DIR; };
		E1D0DAB720D21C1A00EF7F35 /* PrepareImagesForEPUBAction.h */ = {isa = PBXFileReference; lastKnownFileType = sourcecode.c.h; lineEnding = 0; path = PrepareImagesForEPUBAction.h; sourceTree = "<group>"; xcLanguageSpecificationIdentifier = xcode.lang.objcpp; };
		E1D0DAB820D21C1A00EF7F35 /* PrepareImagesForEPUBAction.m */ = {isa = PBXFileReference; lastKnownFileType = sourcecode.c.objc; lineEnding = 0; path = PrepareImagesForEPUBAction.m; sourceTree = "<group>"; xcLanguageSpecificationIdentifier = xcode.lang.objc; };
		E1D0DABB20D21C1A00EF7F35 /* Base */ = {isa = PBXFileReference; lastKnownFileType = file.xib; name = Base; path = Base.lproj/main.xib; sourceTree = "<group>"; };
		E1D0DABD20D21C1A00EF7F35 /* Info.plist */ = {isa = PBXFileReference; lastKnownFileType = text.plist.xml; path = Info.plist; sourceTree = "<group>"; };
		E1D0DAD620D2202300EF7F35 /* Prepare Images for EPUB Tests.xctest */ = {isa = PBXFileReference; explicitFileType = wrapper.cfbundle; includeInIndex = 0; path = "Prepare Images for EPUB Tests.xctest"; sourceTree = BUILT_PRODUCTS_DIR; };
		E1D0DAD820D2202300EF7F35 /* PrepareImagesForEPUBActionTests.m */ = {isa = PBXFileReference; lastKnownFileType = sourcecode.c.objc; lineEnding = 0; path = PrepareImagesForEPUBActionTests.m; sourceTree = "<group>"; xcLanguageSpecificationIdentifier = xcode.lang.objc; };
		E1D0DADA20D2202300EF7F35 /* Info.plist */ = {isa = PBXFileReference; lastKnownFileType = text.plist.xml; path = Info.plist; sourceTree = "<group>"; };
		E1D0DAE120D2283700EF7F35 /* image01.png */ = {isa = PBXFileReference; lastKnownFileType = image.png; name = image01.png; path = ../../ImagesToEPUBAction/ImagesToEPUBActionTests/image01.png; sourceTree = "<group>"; };
		E1D0DAE320D2285000EF7F35 /* image02.jpg */ = {isa = PBXFileReference; lastKnownFileType = image.jpeg; name = image02.jpg; path = ../../ImagesToEPUBAction/ImagesToEPUBActionTests/image02.jpg; sourceTree = "<group>"; };
/* End PBXFileReference section */

/* Begin PBXFrameworksBuildPhase section */
		E1D0DAB020D21C1A00EF7F35 /* Frameworks */ = {
			isa = PBXFrameworksBuildPhase;
			buildActionMask = 2147483647;
			files = (
				E12566C222E69A9500112AA9 /* ImageAnalysisKit.framework in Frameworks */,
			);
			runOnlyForDeploymentPostprocessing = 0;
		};
		E1D0DAD320D2202300EF7F35 /* Frameworks */ = {
			isa = PBXFrameworksBuildPhase;
			buildActionMask = 2147483647;
			files = (
			);
			runOnlyForDeploymentPostprocessing = 0;
		};
/* End PBXFrameworksBuildPhase section */

/* Begin PBXGroup section */
		E12566BA22E69A8700112AA9 /* Products */ = {
			isa = PBXGroup;
			children = (
				E12566BF22E69A8700112AA9 /* ImageAnalysisKit.framework */,
				E12566C122E69A8700112AA9 /* ImageAnalysisKitTests.xctest */,
			);
			name = Products;
			sourceTree = "<group>";
		};
		E1D0DAAA20D21C1A00EF7F35 = {
			isa = PBXGroup;
			children = (
				E12566B922E69A8700112AA9 /* ImageAnalysisKit.xcodeproj */,
				E1D0DAB620D21C1A00EF7F35 /* PrepareImagesForEPUBAction */,
				E1D0DAD720D2202300EF7F35 /* PrepareImagesForEPUBActionTests */,
				E1D0DAB520D21C1A00EF7F35 /* Products */,
			);
			sourceTree = "<group>";
		};
		E1D0DAB520D21C1A00EF7F35 /* Products */ = {
			isa = PBXGroup;
			children = (
				E1D0DAB420D21C1A00EF7F35 /* Prepare Images for EPUB.action */,
				E1D0DAD620D2202300EF7F35 /* Prepare Images for EPUB Tests.xctest */,
			);
			name = Products;
			sourceTree = "<group>";
		};
		E1D0DAB620D21C1A00EF7F35 /* PrepareImagesForEPUBAction */ = {
			isa = PBXGroup;
			children = (
				E1D0DAB720D21C1A00EF7F35 /* PrepareImagesForEPUBAction.h */,
				E1D0DAB820D21C1A00EF7F35 /* PrepareImagesForEPUBAction.m */,
				E1D0DABA20D21C1A00EF7F35 /* main.xib */,
				E1D0DABD20D21C1A00EF7F35 /* Info.plist */,
			);
			path = PrepareImagesForEPUBAction;
			sourceTree = "<group>";
		};
		E1D0DAD720D2202300EF7F35 /* PrepareImagesForEPUBActionTests */ = {
			isa = PBXGroup;
			children = (
				E1D0DAD820D2202300EF7F35 /* PrepareImagesForEPUBActionTests.m */,
				E1D0DAE120D2283700EF7F35 /* image01.png */,
				E1D0DAE320D2285000EF7F35 /* image02.jpg */,
				E15AE4E820D5DCD000A143D6 /* image03.gif */,
				E15AE4E920D5DCD000A143D6 /* image04.png */,
				E1CEAC7420E0A14800F832A9 /* image05.png */,
				E14F64C2210E897E0076280D /* image06.png */,
				E1D0DADA20D2202300EF7F35 /* Info.plist */,
			);
			path = PrepareImagesForEPUBActionTests;
			sourceTree = "<group>";
		};
/* End PBXGroup section */

/* Begin PBXNativeTarget section */
		E1D0DAB320D21C1A00EF7F35 /* Prepare Images for EPUB */ = {
			isa = PBXNativeTarget;
			buildConfigurationList = E1D0DAC320D21C1A00EF7F35 /* Build configuration list for PBXNativeTarget "Prepare Images for EPUB" */;
			buildPhases = (
				E141885D22F8BEB10052F962 /* Update Build Number */,
				E12566C622E69E5100112AA9 /* CopyFiles */,
				E1D0DAAF20D21C1A00EF7F35 /* Sources */,
				E1D0DAB020D21C1A00EF7F35 /* Frameworks */,
				E1D0DAB120D21C1A00EF7F35 /* Resources */,
				E1D0DAB220D21C1A00EF7F35 /* ShellScript */,
			);
			buildRules = (
			);
			dependencies = (
				E12566C422E69A9D00112AA9 /* PBXTargetDependency */,
			);
			name = "Prepare Images for EPUB";
			productName = PrepareImagesForEPUBAction;
			productReference = E1D0DAB420D21C1A00EF7F35 /* Prepare Images for EPUB.action */;
			productType = "com.apple.product-type.bundle";
		};
		E1D0DAD520D2202300EF7F35 /* Prepare Images for EPUB Tests */ = {
			isa = PBXNativeTarget;
			buildConfigurationList = E1D0DADB20D2202300EF7F35 /* Build configuration list for PBXNativeTarget "Prepare Images for EPUB Tests" */;
			buildPhases = (
				E1D0DAD220D2202300EF7F35 /* Sources */,
				E1D0DAD320D2202300EF7F35 /* Frameworks */,
				E1D0DAD420D2202300EF7F35 /* Resources */,
			);
			buildRules = (
			);
			dependencies = (
				E1D0DADF20D220E400EF7F35 /* PBXTargetDependency */,
			);
			name = "Prepare Images for EPUB Tests";
			productName = PrepareImagesForEPUBActionTests;
			productReference = E1D0DAD620D2202300EF7F35 /* Prepare Images for EPUB Tests.xctest */;
			productType = "com.apple.product-type.bundle.unit-test";
		};
/* End PBXNativeTarget section */

/* Begin PBXProject section */
		E1D0DAAB20D21C1A00EF7F35 /* Project object */ = {
			isa = PBXProject;
			attributes = {
				LastUpgradeCheck = 0820;
				ORGANIZATIONNAME = "Rob Menke";
				TargetAttributes = {
					E1D0DAB320D21C1A00EF7F35 = {
						CreatedOnToolsVersion = 8.2.1;
						ProvisioningStyle = Automatic;
					};
					E1D0DAD520D2202300EF7F35 = {
						CreatedOnToolsVersion = 8.2.1;
						ProvisioningStyle = Automatic;
					};
				};
			};
			buildConfigurationList = E1D0DAAE20D21C1A00EF7F35 /* Build configuration list for PBXProject "PrepareImagesForEPUBAction" */;
			compatibilityVersion = "Xcode 3.2";
			developmentRegion = English;
			hasScannedForEncodings = 0;
			knownRegions = (
				en,
				Base,
			);
			mainGroup = E1D0DAAA20D21C1A00EF7F35;
			productRefGroup = E1D0DAB520D21C1A00EF7F35 /* Products */;
			projectDirPath = "";
			projectReferences = (
				{
					ProductGroup = E12566BA22E69A8700112AA9 /* Products */;
					ProjectRef = E12566B922E69A8700112AA9 /* ImageAnalysisKit.xcodeproj */;
				},
			);
			projectRoot = "";
			targets = (
				E1D0DAB320D21C1A00EF7F35 /* Prepare Images for EPUB */,
				E1D0DAD520D2202300EF7F35 /* Prepare Images for EPUB Tests */,
			);
		};
/* End PBXProject section */

/* Begin PBXReferenceProxy section */
		E12566BF22E69A8700112AA9 /* ImageAnalysisKit.framework */ = {
			isa = PBXReferenceProxy;
			fileType = wrapper.framework;
			path = ImageAnalysisKit.framework;
			remoteRef = E12566BE22E69A8700112AA9 /* PBXContainerItemProxy */;
			sourceTree = BUILT_PRODUCTS_DIR;
		};
		E12566C122E69A8700112AA9 /* ImageAnalysisKitTests.xctest */ = {
			isa = PBXReferenceProxy;
			fileType = wrapper.cfbundle;
			path = ImageAnalysisKitTests.xctest;
			remoteRef = E12566C022E69A8700112AA9 /* PBXContainerItemProxy */;
			sourceTree = BUILT_PRODUCTS_DIR;
		};
/* End PBXReferenceProxy section */

/* Begin PBXResourcesBuildPhase section */
		E1D0DAB120D21C1A00EF7F35 /* Resources */ = {
			isa = PBXResourcesBuildPhase;
			buildActionMask = 2147483647;
			files = (
				E1D0DABC20D21C1A00EF7F35 /* main.xib in Resources */,
			);
			runOnlyForDeploymentPostprocessing = 0;
		};
		E1D0DAD420D2202300EF7F35 /* Resources */ = {
			isa = PBXResourcesBuildPhase;
			buildActionMask = 2147483647;
			files = (
				E1D0DAE220D2283700EF7F35 /* image01.png in Resources */,
				E14F64C3210E897E0076280D /* image06.png in Resources */,
				E15AE4EC20D5DCD000A143D6 /* image04.png in Resources */,
				E1CEAC7520E0A14800F832A9 /* image05.png in Resources */,
				E15AE4EB20D5DCD000A143D6 /* image03.gif in Resources */,
				E1D0DAE020D2231400EF7F35 /* Prepare Images for EPUB.action in Resources */,
				E1D0DAE420D2285000EF7F35 /* image02.jpg in Resources */,
			);
			runOnlyForDeploymentPostprocessing = 0;
		};
/* End PBXResourcesBuildPhase section */

/* Begin PBXShellScriptBuildPhase section */
		E141885D22F8BEB10052F962 /* Update Build Number */ = {
			isa = PBXShellScriptBuildPhase;
			buildActionMask = 2147483647;
			files = (
			);
			inputPaths = (
			);
			name = "Update Build Number";
			outputPaths = (
			);
			runOnlyForDeploymentPostprocessing = 0;
			shellPath = /bin/sh;
			shellScript = "git xcode-tag";
			showEnvVarsInLog = 0;
		};
		E1D0DAB220D21C1A00EF7F35 /* ShellScript */ = {
			isa = PBXShellScriptBuildPhase;
			buildActionMask = 2147483647;
			files = (
			);
			inputPaths = (
			);
			outputPaths = (
			);
			runOnlyForDeploymentPostprocessing = 0;
			shellPath = /bin/sh;
			shellScript = "amlint \"${BUILT_PRODUCTS_DIR}/${FULL_PRODUCT_NAME}\"";
			showEnvVarsInLog = 0;
		};
/* End PBXShellScriptBuildPhase section */

/* Begin PBXSourcesBuildPhase section */
		E1D0DAAF20D21C1A00EF7F35 /* Sources */ = {
			isa = PBXSourcesBuildPhase;
			buildActionMask = 2147483647;
			files = (
				E1D0DAB920D21C1A00EF7F35 /* PrepareImagesForEPUBAction.m in Sources */,
			);
			runOnlyForDeploymentPostprocessing = 0;
		};
		E1D0DAD220D2202300EF7F35 /* Sources */ = {
			isa = PBXSourcesBuildPhase;
			buildActionMask = 2147483647;
			files = (
				E1D0DAD920D2202300EF7F35 /* PrepareImagesForEPUBActionTests.m in Sources */,
			);
			runOnlyForDeploymentPostprocessing = 0;
		};
/* End PBXSourcesBuildPhase section */

/* Begin PBXTargetDependency section */
		E12566C422E69A9D00112AA9 /* PBXTargetDependency */ = {
			isa = PBXTargetDependency;
			name = ImageAnalysisKit;
			targetProxy = E12566C322E69A9D00112AA9 /* PBXContainerItemProxy */;
		};
		E1D0DADF20D220E400EF7F35 /* PBXTargetDependency */ = {
			isa = PBXTargetDependency;
			target = E1D0DAB320D21C1A00EF7F35 /* Prepare Images for EPUB */;
			targetProxy = E1D0DADE20D220E400EF7F35 /* PBXContainerItemProxy */;
		};
/* End PBXTargetDependency section */

/* Begin PBXVariantGroup section */
		E1D0DABA20D21C1A00EF7F35 /* main.xib */ = {
			isa = PBXVariantGroup;
			children = (
				E1D0DABB20D21C1A00EF7F35 /* Base */,
			);
			name = main.xib;
			sourceTree = "<group>";
		};
/* End PBXVariantGroup section */

/* Begin XCBuildConfiguration section */
		E1D0DAC120D21C1A00EF7F35 /* Debug */ = {
			isa = XCBuildConfiguration;
			buildSettings = {
				ALWAYS_SEARCH_USER_PATHS = NO;
				CLANG_ANALYZER_NONNULL = YES;
				CLANG_CXX_LANGUAGE_STANDARD = "c++14";
				CLANG_CXX_LIBRARY = "libc++";
				CLANG_ENABLE_MODULES = YES;
				CLANG_ENABLE_OBJC_ARC = YES;
				CLANG_WARN_BOOL_CONVERSION = YES;
				CLANG_WARN_CONSTANT_CONVERSION = YES;
				CLANG_WARN_DIRECT_OBJC_ISA_USAGE = YES_ERROR;
				CLANG_WARN_DOCUMENTATION_COMMENTS = YES;
				CLANG_WARN_EMPTY_BODY = YES;
				CLANG_WARN_ENUM_CONVERSION = YES;
				CLANG_WARN_INFINITE_RECURSION = YES;
				CLANG_WARN_INT_CONVERSION = YES;
				CLANG_WARN_OBJC_ROOT_CLASS = YES_ERROR;
				CLANG_WARN_SUSPICIOUS_MOVE = YES;
				CLANG_WARN_UNREACHABLE_CODE = YES;
				CLANG_WARN__DUPLICATE_METHOD_MATCH = YES;
				CODE_SIGN_IDENTITY = "-";
				COPY_PHASE_STRIP = NO;
				DEBUG_INFORMATION_FORMAT = dwarf;
				ENABLE_STRICT_OBJC_MSGSEND = YES;
				ENABLE_TESTABILITY = YES;
				GCC_C_LANGUAGE_STANDARD = gnu99;
				GCC_DYNAMIC_NO_PIC = NO;
				GCC_NO_COMMON_BLOCKS = YES;
				GCC_OPTIMIZATION_LEVEL = 0;
				GCC_PREPROCESSOR_DEFINITIONS = (
					"DEBUG=1",
					"$(inherited)",
				);
				GCC_WARN_64_TO_32_BIT_CONVERSION = YES;
				GCC_WARN_ABOUT_RETURN_TYPE = YES_ERROR;
				GCC_WARN_UNDECLARED_SELECTOR = YES;
				GCC_WARN_UNINITIALIZED_AUTOS = YES_AGGRESSIVE;
				GCC_WARN_UNUSED_FUNCTION = YES;
				GCC_WARN_UNUSED_VARIABLE = YES;
				MACOSX_DEPLOYMENT_TARGET = 10.11;
				MTL_ENABLE_DEBUG_INFO = YES;
				ONLY_ACTIVE_ARCH = YES;
				SDKROOT = macosx;
			};
			name = Debug;
		};
		E1D0DAC220D21C1A00EF7F35 /* Release */ = {
			isa = XCBuildConfiguration;
			buildSettings = {
				ALWAYS_SEARCH_USER_PATHS = NO;
				CLANG_ANALYZER_NONNULL = YES;
				CLANG_CXX_LANGUAGE_STANDARD = "c++14";
				CLANG_CXX_LIBRARY = "libc++";
				CLANG_ENABLE_MODULES = YES;
				CLANG_ENABLE_OBJC_ARC = YES;
				CLANG_WARN_BOOL_CONVERSION = YES;
				CLANG_WARN_CONSTANT_CONVERSION = YES;
				CLANG_WARN_DIRECT_OBJC_ISA_USAGE = YES_ERROR;
				CLANG_WARN_DOCUMENTATION_COMMENTS = YES;
				CLANG_WARN_EMPTY_BODY = YES;
				CLANG_WARN_ENUM_CONVERSION = YES;
				CLANG_WARN_INFINITE_RECURSION = YES;
				CLANG_WARN_INT_CONVERSION = YES;
				CLANG_WARN_OBJC_ROOT_CLASS = YES_ERROR;
				CLANG_WARN_SUSPICIOUS_MOVE = YES;
				CLANG_WARN_UNREACHABLE_CODE = YES;
				CLANG_WARN__DUPLICATE_METHOD_MATCH = YES;
				CODE_SIGN_IDENTITY = "-";
				COPY_PHASE_STRIP = NO;
				DEBUG_INFORMATION_FORMAT = "dwarf-with-dsym";
				ENABLE_NS_ASSERTIONS = NO;
				ENABLE_STRICT_OBJC_MSGSEND = YES;
				GCC_C_LANGUAGE_STANDARD = gnu99;
				GCC_NO_COMMON_BLOCKS = YES;
				GCC_WARN_64_TO_32_BIT_CONVERSION = YES;
				GCC_WARN_ABOUT_RETURN_TYPE = YES_ERROR;
				GCC_WARN_UNDECLARED_SELECTOR = YES;
				GCC_WARN_UNINITIALIZED_AUTOS = YES_AGGRESSIVE;
				GCC_WARN_UNUSED_FUNCTION = YES;
				GCC_WARN_UNUSED_VARIABLE = YES;
				MACOSX_DEPLOYMENT_TARGET = 10.11;
				MTL_ENABLE_DEBUG_INFO = NO;
				SDKROOT = macosx;
			};
			name = Release;
		};
		E1D0DAC420D21C1A00EF7F35 /* Debug */ = {
			isa = XCBuildConfiguration;
			buildSettings = {
				COMBINE_HIDPI_IMAGES = YES;
				INFOPLIST_FILE = PrepareImagesForEPUBAction/Info.plist;
				INSTALL_PATH = "$(HOME)/Library/Automator";
				LD_RUNPATH_SEARCH_PATHS = "@loader_path/../Frameworks";
				OTHER_OSAFLAGS = "-x -t 0 -c 0";
				PRODUCT_BUNDLE_IDENTIFIER = "com.the-wabe.PrepareImagesForEPUBAction";
				PRODUCT_NAME = "$(TARGET_NAME)";
				WRAPPER_EXTENSION = action;
			};
			name = Debug;
		};
		E1D0DAC520D21C1A00EF7F35 /* Release */ = {
			isa = XCBuildConfiguration;
			buildSettings = {
				COMBINE_HIDPI_IMAGES = YES;
				INFOPLIST_FILE = PrepareImagesForEPUBAction/Info.plist;
				INSTALL_PATH = "$(HOME)/Library/Automator";
				LD_RUNPATH_SEARCH_PATHS = "@loader_path/../Frameworks";
				OTHER_OSAFLAGS = "-x -t 0 -c 0";
				PRODUCT_BUNDLE_IDENTIFIER = "com.the-wabe.PrepareImagesForEPUBAction";
				PRODUCT_NAME = "$(TARGET_NAME)";
				WRAPPER_EXTENSION = action;
			};
			name = Release;
		};
		E1D0DADC20D2202300EF7F35 /* Debug */ = {
			isa = XCBuildConfiguration;
			buildSettings = {
				COMBINE_HIDPI_IMAGES = YES;
				INFOPLIST_FILE = PrepareImagesForEPUBActionTests/Info.plist;
				LD_RUNPATH_SEARCH_PATHS = "$(inherited) @executable_path/../Frameworks @loader_path/../Frameworks";
				OTHER_LDFLAGS = "-Wl,-U,_OBJC_CLASS_$_PrepareImagesForEPUBAction";
				PRODUCT_BUNDLE_IDENTIFIER = "com.the-wabe.PrepareImagesForEPUBActionTests";
				PRODUCT_NAME = "$(TARGET_NAME)";
			};
			name = Debug;
		};
		E1D0DADD20D2202300EF7F35 /* Release */ = {
			isa = XCBuildConfiguration;
			buildSettings = {
				COMBINE_HIDPI_IMAGES = YES;
				INFOPLIST_FILE = PrepareImagesForEPUBActionTests/Info.plist;
				LD_RUNPATH_SEARCH_PATHS = "$(inherited) @executable_path/../Frameworks @loader_path/../Frameworks";
				OTHER_LDFLAGS = "-Wl,-U,_OBJC_CLASS_$_PrepareImagesForEPUBAction";
				PRODUCT_BUNDLE_IDENTIFIER = "com.the-wabe.PrepareImagesForEPUBActionTests";
				PRODUCT_NAME = "$(TARGET_NAME)";
			};
			name = Release;
		};
/* End XCBuildConfiguration section */

/* Begin XCConfigurationList section */
		E1D0DAAE20D21C1A00EF7F35 /* Build configuration list for PBXProject "PrepareImagesForEPUBAction" */ = {
			isa = XCConfigurationList;
			buildConfigurations = (
				E1D0DAC120D21C1A00EF7F35 /* Debug */,
				E1D0DAC220D21C1A00EF7F35 /* Release */,
			);
			defaultConfigurationIsVisible = 0;
			defaultConfigurationName = Release;
		};
		E1D0DAC320D21C1A00EF7F35 /* Build configuration list for PBXNativeTarget "Prepare Images for EPUB" */ = {
			isa = XCConfigurationList;
			buildConfigurations = (
				E1D0DAC420D21C1A00EF7F35 /* Debug */,
				E1D0DAC520D21C1A00EF7F35 /* Release */,
			);
			defaultConfigurationIsVisible = 0;
			defaultConfigurationName = Release;
		};
		E1D0DADB20D2202300EF7F35 /* Build configuration list for PBXNativeTarget "Prepare Images for EPUB Tests" */ = {
			isa = XCConfigurationList;
			buildConfigurations = (
				E1D0DADC20D2202300EF7F35 /* Debug */,
				E1D0DADD20D2202300EF7F35 /* Release */,
			);
			defaultConfigurationIsVisible = 0;
			defaultConfigurationName = Release;
		};
/* End XCConfigurationList section */
	};
	rootObject = E1D0DAAB20D21C1A00EF7F35 /* Project object */;
}
