<?xml version="1.0" encoding="UTF-8"?>
<Scheme
   LastUpgradeVersion = "0820"
   version = "1.7">
   <BuildAction
      parallelizeBuildables = "YES"
      buildImplicitDependencies = "YES">
      <BuildActionEntries>
         <BuildActionEntry
            buildForTesting = "YES"
            buildForRunning = "YES"
            buildForProfiling = "YES"
            buildForArchiving = "YES"
            buildForAnalyzing = "YES">
            <BuildableReference
               BuildableIdentifier = "primary"
               BlueprintIdentifier = "E1D0DAB320D21C1A00EF7F35"
               BuildableName = "Prepare Images for EPUB.action"
               BlueprintName = "Prepare Images for EPUB"
               ReferencedContainer = "container:PrepareImagesForEPUBAction/PrepareImagesForEPUBAction.xcodeproj">
            </BuildableReference>
         </BuildActionEntry>
         <BuildActionEntry
            buildForTesting = "YES"
            buildForRunning = "NO"
            buildForProfiling = "NO"
            buildForArchiving = "NO"
            buildForAnalyzing = "NO">
            <BuildableReference
               BuildableIdentifier = "primary"
               BlueprintIdentifier = "E1D0DAD520D2202300EF7F35"
               BuildableName = "Prepare Images for EPUB Tests.xctest"
               BlueprintName = "Prepare Images for EPUB Tests"
               ReferencedContainer = "container:PrepareImagesForEPUBAction/PrepareImagesForEPUBAction.xcodeproj">
            </BuildableReference>
         </BuildActionEntry>
         <BuildActionEntry
            buildForTesting = "YES"
            buildForRunning = "YES"
            buildForProfiling = "YES"
            buildForArchiving = "YES"
            buildForAnalyzing = "YES">
            <BuildableReference
               BuildableIdentifier = "primary"
               BlueprintIdentifier = "E1FB9A9C1E1DCA0600DEAE0F"
               BuildableName = "Images to EPUB.action"
               BlueprintName = "Images to EPUB"
               ReferencedContainer = "container:ImagesToEPUBAction/ImagesToEPUBAction.xcodeproj">
            </BuildableReference>
         </BuildActionEntry>
         <BuildActionEntry
            buildForTesting = "YES"
            buildForRunning = "NO"
            buildForProfiling = "NO"
            buildForArchiving = "NO"
            buildForAnalyzing = "NO">
            <BuildableReference
               BuildableIdentifier = "primary"
               BlueprintIdentifier = "E121617F1E1DFCD3002C6F1F"
               BuildableName = "Images to EPUB Tests.xctest"
               BlueprintName = "Images to EPUB Tests"
               ReferencedContainer = "container:ImagesToEPUBAction/ImagesToEPUBAction.xcodeproj">
            </BuildableReference>
         </BuildActionEntry>
         <BuildActionEntry
            buildForTesting = "YES"
            buildForRunning = "YES"
            buildForProfiling = "YES"
            buildForArchiving = "YES"
            buildForAnalyzing = "YES">
            <BuildableReference
               BuildableIdentifier = "primary"
               BlueprintIdentifier = "E1B4C3AD1F491D1300CDC7C0"
               BuildableName = "Convert EPUB Folder to Container.action"
               BlueprintName = "Convert EPUB Folder to Container"
               ReferencedContainer = "container:ConvertEPUBFolderToEPUBContainerAction/ConvertEPUBFolderToEPUBContainerAction.xcodeproj">
            </BuildableReference>
         </BuildActionEntry>
         <BuildActionEntry
            buildForTesting = "YES"
            buildForRunning = "YES"
            buildForProfiling = "YES"
            buildForArchiving = "YES"
            buildForAnalyzing = "YES">
            <BuildableReference
               BuildableIdentifier = "primary"
               BlueprintIdentifier = "E16543D5232AC58000D837F0"
               BuildableName = "Bundle XHTML as EPUB.action"
               BlueprintName = "Bundle XHTML as EPUB"
               ReferencedContainer = "container:CreateEPUBAction/CreateEPUBAction.xcodeproj">
            </BuildableReference>
         </BuildActionEntry>
      </BuildActionEntries>
   </BuildAction>
   <TestAction
      buildConfiguration = "Debug"
      selectedDebuggerIdentifier = "Xcode.DebuggerFoundation.Debugger.LLDB"
      selectedLauncherIdentifier = "Xcode.DebuggerFoundation.Launcher.LLDB"
      shouldUseLaunchSchemeArgsEnv = "YES"
      codeCoverageEnabled = "YES">
      <Testables>
         <TestableReference
            skipped = "NO">
            <BuildableReference
               BuildableIdentifier = "primary"
               BlueprintIdentifier = "E121617F1E1DFCD3002C6F1F"
               BuildableName = "Images to EPUB Tests.xctest"
               BlueprintName = "Images to EPUB Tests"
               ReferencedContainer = "container:ImagesToEPUBAction/ImagesToEPUBAction.xcodeproj">
            </BuildableReference>
         </TestableReference>
         <TestableReference
            skipped = "NO">
            <BuildableReference
               BuildableIdentifier = "primary"
               BlueprintIdentifier = "E1D0DAD520D2202300EF7F35"
               BuildableName = "Prepare Images for EPUB Tests.xctest"
               BlueprintName = "Prepare Images for EPUB Tests"
               ReferencedContainer = "container:PrepareImagesForEPUBAction/PrepareImagesForEPUBAction.xcodeproj">
            </BuildableReference>
         </TestableReference>
         <TestableReference
            skipped = "NO">
            <BuildableReference
               BuildableIdentifier = "primary"
               BlueprintIdentifier = "E132CC5622669D420021A732"
               BuildableName = "ImageAnalysisKitTests.xctest"
               BlueprintName = "ImageAnalysisKitTests"
               ReferencedContainer = "container:PrepareImagesForEPUBAction/ImageAnalysisKit/ImageAnalysisKit.xcodeproj">
            </BuildableReference>
         </TestableReference>
      </Testables>
      <MacroExpansion>
         <BuildableReference
            BuildableIdentifier = "primary"
            BlueprintIdentifier = "E1D0DAB320D21C1A00EF7F35"
            BuildableName = "Prepare Images for EPUB.action"
            BlueprintName = "Prepare Images for EPUB"
            ReferencedContainer = "container:PrepareImagesForEPUBAction/PrepareImagesForEPUBAction.xcodeproj">
         </BuildableReference>
      </MacroExpansion>
      <AdditionalOptions>
      </AdditionalOptions>
   </TestAction>
   <LaunchAction
      buildConfiguration = "Debug"
      selectedDebuggerIdentifier = "Xcode.DebuggerFoundation.Debugger.LLDB"
      selectedLauncherIdentifier = "Xcode.DebuggerFoundation.Launcher.LLDB"
      launchStyle = "0"
      useCustomWorkingDirectory = "NO"
      ignoresPersistentStateOnLaunch = "NO"
      debugDocumentVersioning = "YES"
      debugServiceExtension = "internal"
      allowLocationSimulation = "YES">
      <PreActions>
         <ExecutionAction
            ActionType = "Xcode.IDEStandardExecutionActionsCore.ExecutionActionType.ShellScriptAction">
            <ActionContent
               title = "Install Images to EPUB"
               scriptText = "ditto &quot;${BUILT_PRODUCTS_DIR}/${FULL_PRODUCT_NAME}&quot; &quot;${INSTALL_PATH}/${FULL_PRODUCT_NAME}&quot;&#10;touch &quot;${INSTALL_PATH}&quot;&#10;">
               <EnvironmentBuildable>
                  <BuildableReference
                     BuildableIdentifier = "primary"
                     BlueprintIdentifier = "E1FB9A9C1E1DCA0600DEAE0F"
                     BuildableName = "Images to EPUB.action"
                     BlueprintName = "Images to EPUB"
                     ReferencedContainer = "container:ImagesToEPUBAction/ImagesToEPUBAction.xcodeproj">
                  </BuildableReference>
               </EnvironmentBuildable>
            </ActionContent>
         </ExecutionAction>
         <ExecutionAction
            ActionType = "Xcode.IDEStandardExecutionActionsCore.ExecutionActionType.ShellScriptAction">
            <ActionContent
               title = "Install Prepare Images for EPUB"
               scriptText = "ditto &quot;${BUILT_PRODUCTS_DIR}/${FULL_PRODUCT_NAME}&quot; &quot;${INSTALL_PATH}/${FULL_PRODUCT_NAME}&quot;&#10;touch &quot;${INSTALL_PATH}&quot;&#10;">
               <EnvironmentBuildable>
                  <BuildableReference
                     BuildableIdentifier = "primary"
                     BlueprintIdentifier = "E1D0DAB320D21C1A00EF7F35"
                     BuildableName = "Prepare Images for EPUB.action"
                     BlueprintName = "Prepare Images for EPUB"
                     ReferencedContainer = "container:PrepareImagesForEPUBAction/PrepareImagesForEPUBAction.xcodeproj">
                  </BuildableReference>
               </EnvironmentBuildable>
            </ActionContent>
         </ExecutionAction>
         <ExecutionAction
            ActionType = "Xcode.IDEStandardExecutionActionsCore.ExecutionActionType.ShellScriptAction">
            <ActionContent
               title = "Install Convert EPUB Folder to Container"
               scriptText = "ditto &quot;${BUILT_PRODUCTS_DIR}/${FULL_PRODUCT_NAME}&quot; &quot;${INSTALL_PATH}/${FULL_PRODUCT_NAME}&quot;&#10;touch &quot;${INSTALL_PATH}&quot;&#10;">
               <EnvironmentBuildable>
                  <BuildableReference
                     BuildableIdentifier = "primary"
                     BlueprintIdentifier = "E1B4C3AD1F491D1300CDC7C0"
                     BuildableName = "Convert EPUB Folder to Container.action"
                     BlueprintName = "Convert EPUB Folder to Container"
                     ReferencedContainer = "container:ConvertEPUBFolderToEPUBContainerAction/ConvertEPUBFolderToEPUBContainerAction.xcodeproj">
                  </BuildableReference>
               </EnvironmentBuildable>
            </ActionContent>
         </ExecutionAction>
         <ExecutionAction
            ActionType = "Xcode.IDEStandardExecutionActionsCore.ExecutionActionType.ShellScriptAction">
            <ActionContent
               title = "Install Bundle XHTML as EPUB"
               scriptText = "ditto &quot;${BUILT_PRODUCTS_DIR}/${FULL_PRODUCT_NAME}&quot; &quot;${INSTALL_PATH}/${FULL_PRODUCT_NAME}&quot;&#10;touch &quot;${INSTALL_PATH}&quot;&#10;">
               <EnvironmentBuildable>
                  <BuildableReference
                     BuildableIdentifier = "primary"
                     BlueprintIdentifier = "E16543D5232AC58000D837F0"
                     BuildableName = "Bundle XHTML as EPUB.action"
                     BlueprintName = "Bundle XHTML as EPUB"
                     ReferencedContainer = "container:CreateEPUBAction/CreateEPUBAction.xcodeproj">
                  </BuildableReference>
               </EnvironmentBuildable>
            </ActionContent>
         </ExecutionAction>
      </PreActions>
      <PathRunnable
         runnableDebuggingMode = "0"
         BundleIdentifier = "com.apple.Automator"
         FilePath = "/Applications/Automator.app">
      </PathRunnable>
      <MacroExpansion>
         <BuildableReference
            BuildableIdentifier = "primary"
            BlueprintIdentifier = "E1D0DAB320D21C1A00EF7F35"
            BuildableName = "Prepare Images for EPUB.action"
            BlueprintName = "Prepare Images for EPUB"
            ReferencedContainer = "container:PrepareImagesForEPUBAction/PrepareImagesForEPUBAction.xcodeproj">
         </BuildableReference>
      </MacroExpansion>
      <AdditionalOptions>
      </AdditionalOptions>
   </LaunchAction>
   <ProfileAction
      buildConfiguration = "Release"
      shouldUseLaunchSchemeArgsEnv = "YES"
      savedToolIdentifier = ""
      useCustomWorkingDirectory = "NO"
      debugDocumentVersioning = "YES">
      <MacroExpansion>
         <BuildableReference
            BuildableIdentifier = "primary"
            BlueprintIdentifier = "E1D0DAB320D21C1A00EF7F35"
            BuildableName = "Prepare Images for EPUB.action"
            BlueprintName = "Prepare Images for EPUB"
            ReferencedContainer = "container:PrepareImagesForEPUBAction/PrepareImagesForEPUBAction.xcodeproj">
         </BuildableReference>
      </MacroExpansion>
   </ProfileAction>
   <AnalyzeAction
      buildConfiguration = "Debug">
   </AnalyzeAction>
   <ArchiveAction
      buildConfiguration = "Release"
      revealArchiveInOrganizer = "YES">
   </ArchiveAction>
</Scheme>
